
Microsoft Visual Studio Solution File, Format Version 12.00
# Visual Studio Version 16
VisualStudioVersion = 16.0.29503.13
MinimumVisualStudioVersion = 10.0.40219.1
Project("{FAE04EC0-301F-11D3-BF4B-00C04F79EFBC}") = "WindowsFormsApp3", "WindowsFormsApp3\WindowsFormsApp3.csproj", "{37DA1C5B-835D-46C7-9C2E-3833AC8CC7D2}"
EndProject
Global
	GlobalSection(SolutionConfigurationPlatforms) = preSolution
		Debug|Any CPU = Debug|Any CPU
		Release|Any CPU = Release|Any CPU
	EndGlobalSection
	GlobalSection(ProjectConfigurationPlatforms) = postSolution
		{37DA1C5B-835D-46C7-9C2E-3833AC8CC7D2}.Debug|Any CPU.ActiveCfg = Debug|Any CPU
		{37DA1C5B-835D-46C7-9C2E-3833AC8CC7D2}.Debug|Any CPU.Build.0 = Debug|Any CPU
		{37DA1C5B-835D-46C7-9C2E-3833AC8CC7D2}.Release|Any CPU.ActiveCfg = Release|Any CPU
		{37DA1C5B-835D-46C7-9C2E-3833AC8CC7D2}.Release|Any CPU.Build.0 = Release|Any CPU
	EndGlobalSection
	GlobalSection(SolutionProperties) = preSolution
		HideSolutionNode = FALSE
	EndGlobalSection
	GlobalSection(ExtensibilityGlobals) = postSolution
		SolutionGuid = {0FD8EC0C-19E7-43CC-A55F-EC5B90A9DDD5}
	EndGlobalSection
EndGlobal
